<?xml version="1.0" encoding="utf-8"?>
<Project ToolsVersion="4.0" xmlns="http://schemas.microsoft.com/developer/msbuild/2003">
  <ItemGroup>
    <Filter Include="Source Files">
      <UniqueIdentifier>{4FC737F1-C7A5-4376-A066-2A32D752A2FF}</UniqueIdentifier>
      <Extensions>cpp;cxx;c;def</Extensions>
    </Filter>
    <Filter Include="Header Files">
      <UniqueIdentifier>{93995380-89BD-4b04-88EB-625FBE52EBFB}</UniqueIdentifier>
      <Extensions>h</Extensions>
    </Filter>
    <Filter Include="Form Files">
      <UniqueIdentifier>{99349809-55BA-4b9d-BF79-8FDBB0286EB3}</UniqueIdentifier>
      <Extensions>ui</Extensions>
    </Filter>
    <Filter Include="Resource Files">
      <UniqueIdentifier>{D9D6E242-F8AF-46E4-B9FD-80ECBC20BA3E}</UniqueIdentifier>
      <Extensions>qrc;*</Extensions>
      <ParseFiles>false</ParseFiles>
    </Filter>
    <Filter Include="Generated Files">
      <UniqueIdentifier>{71ED8ED8-ACB9-4CE9-BBE1-E00B30144E11}</UniqueIdentifier>
      <Extensions>moc;h;cpp</Extensions>
      <SourceControlFiles>False</SourceControlFiles>
    </Filter>
    <Filter Include="Generated Files\Debug">
      <UniqueIdentifier>{8927f10c-eb91-486d-95ba-e8d782c8263d}</UniqueIdentifier>
      <Extensions>cpp;moc</Extensions>
      <SourceControlFiles>False</SourceControlFiles>
    </Filter>
    <Filter Include="Generated Files\Release">
      <UniqueIdentifier>{4b4df9ff-e061-4ffb-a723-ad3d3c52e8b9}</UniqueIdentifier>
      <Extensions>cpp;moc</Extensions>
      <SourceControlFiles>False</SourceControlFiles>
    </Filter>
    <Filter Include="Slice">
      <UniqueIdentifier>{8e876e01-4c31-43e2-a9bf-c65e34b5e01e}</UniqueIdentifier>
    </Filter>
    <Filter Include="basic">
      <UniqueIdentifier>{6cc533e7-66a6-4503-9e4c-cb5d96c9fd30}</UniqueIdentifier>
    </Filter>
  </ItemGroup>
  <ItemGroup>
    <ClCompile Include="main.cpp">
      <Filter>Source Files</Filter>
    </ClCompile>
    <ClCompile Include="amsframe.cpp">
      <Filter>Source Files</Filter>
    </ClCompile>
    <ClCompile Include="GeneratedFiles\Debug\moc_amsframe.cpp">
      <Filter>Generated Files\Debug</Filter>
    </ClCompile>
    <ClCompile Include="GeneratedFiles\Release\moc_amsframe.cpp">
      <Filter>Generated Files\Release</Filter>
    </ClCompile>
    <ClCompile Include="GeneratedFiles\qrc_amsframe.cpp">
      <Filter>Generated Files</Filter>
    </ClCompile>
    <ClCompile Include="..\common\slice\cpp\aml.cpp">
      <Filter>Slice</Filter>
    </ClCompile>
    <ClCompile Include="..\common\slice\cpp\amssrv.cpp">
      <Filter>Slice</Filter>
    </ClCompile>
    <ClCompile Include="AmsServer.cpp">
      <Filter>Source Files</Filter>
    </ClCompile>
    <ClCompile Include="AmsSrvI.cpp">
      <Filter>Source Files</Filter>
    </ClCompile>
    <ClCompile Include="AmsServerThread.cpp">
      <Filter>Source Files</Filter>
    </ClCompile>
    <ClCompile Include="GeneratedFiles\Debug\moc_AmsServerThread.cpp">
      <Filter>Generated Files\Debug</Filter>
    </ClCompile>
    <ClCompile Include="GeneratedFiles\Release\moc_AmsServerThread.cpp">
      <Filter>Generated Files\Release</Filter>
    </ClCompile>
  </ItemGroup>
  <ItemGroup>
    <CustomBuild Include="amsframe.h">
      <Filter>Header Files</Filter>
    </CustomBuild>
    <CustomBuild Include="amsframe.qrc">
      <Filter>Resource Files</Filter>
    </CustomBuild>
    <CustomBuild Include="AmsServerThread.h">
      <Filter>Header Files</Filter>
    </CustomBuild>
  </ItemGroup>
  <ItemGroup>
    <ClInclude Include="..\common\slice\cpp\aml.h">
      <Filter>Slice</Filter>
    </ClInclude>
    <ClInclude Include="..\common\slice\cpp\amssrv.h">
      <Filter>Slice</Filter>
    </ClInclude>
    <ClInclude Include="..\common\basic\AmlConst.h">
      <Filter>basic</Filter>
    </ClInclude>
    <ClInclude Include="AmsServer.h">
      <Filter>Header Files</Filter>
    </ClInclude>
    <ClInclude Include="AmsSrvI.h">
      <Filter>Header Files</Filter>
    </ClInclude>
    <ClInclude Include="OperationInfo.h">
      <Filter>Header Files</Filter>
    </ClInclude>
  </ItemGroup>
</Project>