
Microsoft Visual Studio Solution File, Format Version 11.00
# Visual Studio 2010
Project("{8BC9CEB8-8B4A-11D0-8D11-00A0C91BC942}") = "Simulated-Ams", "Simulated-Ams.vcxproj", "{60DF35C4-21A0-4715-9696-2E0E8B67C8FE}"
EndProject
Global
	GlobalSection(SolutionConfigurationPlatforms) = preSolution
		Debug|Win32 = Debug|Win32
		Release|Win32 = Release|Win32
	EndGlobalSection
	GlobalSection(ProjectConfigurationPlatforms) = postSolution
		{60DF35C4-21A0-4715-9696-2E0E8B67C8FE}.Debug|Win32.ActiveCfg = Debug|Win32
		{60DF35C4-21A0-4715-9696-2E0E8B67C8FE}.Debug|Win32.Build.0 = Debug|Win32
		{60DF35C4-21A0-4715-9696-2E0E8B67C8FE}.Release|Win32.ActiveCfg = Release|Win32
		{60DF35C4-21A0-4715-9696-2E0E8B67C8FE}.Release|Win32.Build.0 = Release|Win32
	EndGlobalSection
	GlobalSection(SolutionProperties) = preSolution
		HideSolutionNode = FALSE
	EndGlobalSection
EndGlobal
