<?xml version="1.0" encoding="utf-8"?>
<Project ToolsVersion="4.0" xmlns="http://schemas.microsoft.com/developer/msbuild/2003">
  <ItemGroup>
    <Filter Include="Source Files">
      <UniqueIdentifier>{4FC737F1-C7A5-4376-A066-2A32D752A2FF}</UniqueIdentifier>
      <Extensions>cpp;cxx;c;def</Extensions>
    </Filter>
    <Filter Include="Header Files">
      <UniqueIdentifier>{93995380-89BD-4b04-88EB-625FBE52EBFB}</UniqueIdentifier>
      <Extensions>h</Extensions>
    </Filter>
    <Filter Include="Form Files">
      <UniqueIdentifier>{99349809-55BA-4b9d-BF79-8FDBB0286EB3}</UniqueIdentifier>
      <Extensions>ui</Extensions>
    </Filter>
    <Filter Include="Resource Files">
      <UniqueIdentifier>{D9D6E242-F8AF-46E4-B9FD-80ECBC20BA3E}</UniqueIdentifier>
      <Extensions>qrc;*</Extensions>
      <ParseFiles>false</ParseFiles>
    </Filter>
    <Filter Include="Generated Files">
      <UniqueIdentifier>{71ED8ED8-ACB9-4CE9-BBE1-E00B30144E11}</UniqueIdentifier>
      <Extensions>moc;h;cpp</Extensions>
      <SourceControlFiles>False</SourceControlFiles>
    </Filter>
    <Filter Include="Generated Files\Debug">
      <UniqueIdentifier>{864f0991-77f0-42a4-934a-e6da097afda4}</UniqueIdentifier>
      <Extensions>cpp;moc</Extensions>
      <SourceControlFiles>False</SourceControlFiles>
    </Filter>
    <Filter Include="Generated Files\Release">
      <UniqueIdentifier>{3617d0ea-8c93-43ff-a620-278dff80cd28}</UniqueIdentifier>
      <Extensions>cpp;moc</Extensions>
      <SourceControlFiles>False</SourceControlFiles>
    </Filter>
    <Filter Include="fastdb">
      <UniqueIdentifier>{3f9a0fdf-657e-4c6f-84fa-00a47ceb4091}</UniqueIdentifier>
    </Filter>
  </ItemGroup>
  <ItemGroup>
    <ClCompile Include="main.cpp">
      <Filter>Source Files</Filter>
    </ClCompile>
    <ClCompile Include="GeneratedFiles\Debug\moc_RdbViewFrame.cpp">
      <Filter>Generated Files\Debug</Filter>
    </ClCompile>
    <ClCompile Include="GeneratedFiles\Release\moc_RdbViewFrame.cpp">
      <Filter>Generated Files\Release</Filter>
    </ClCompile>
    <ClCompile Include="GeneratedFiles\qrc_RdbViewFrame.cpp">
      <Filter>Generated Files</Filter>
    </ClCompile>
    <ClCompile Include="RdbViewFrame.cpp">
      <Filter>Source Files</Filter>
    </ClCompile>
    <ClCompile Include="fastdb\FdbTableDefine.cpp">
      <Filter>fastdb</Filter>
    </ClCompile>
    <ClCompile Include="fastdb\MyTime.cpp">
      <Filter>fastdb</Filter>
    </ClCompile>
    <ClCompile Include="tableoperation.cpp">
      <Filter>Source Files</Filter>
    </ClCompile>
    <ClCompile Include="rdbtable.cpp">
      <Filter>Source Files</Filter>
    </ClCompile>
    <ClCompile Include="hidecolumndialog.cpp">
      <Filter>Source Files</Filter>
    </ClCompile>
    <ClCompile Include="GeneratedFiles\Debug\moc_hidecolumndialog.cpp">
      <Filter>Generated Files\Debug</Filter>
    </ClCompile>
    <ClCompile Include="GeneratedFiles\Release\moc_hidecolumndialog.cpp">
      <Filter>Generated Files\Release</Filter>
    </ClCompile>
    <ClCompile Include="xmlStreamReader.cpp">
      <Filter>Source Files</Filter>
    </ClCompile>
  </ItemGroup>
  <ItemGroup>
    <CustomBuild Include="RdbViewFrame.h">
      <Filter>Header Files</Filter>
    </CustomBuild>
    <CustomBuild Include="RdbViewFrame.qrc">
      <Filter>Resource Files</Filter>
    </CustomBuild>
    <CustomBuild Include="hidecolumndialog.h">
      <Filter>Header Files</Filter>
    </CustomBuild>
  </ItemGroup>
  <ItemGroup>
    <ClInclude Include="fastdb\FdbTableDefine.h">
      <Filter>fastdb</Filter>
    </ClInclude>
    <ClInclude Include="fastdb\MyTime.h">
      <Filter>fastdb</Filter>
    </ClInclude>
    <ClInclude Include="fastdb\TableName.h">
      <Filter>fastdb</Filter>
    </ClInclude>
    <ClInclude Include="tableoperation.h">
      <Filter>Header Files</Filter>
    </ClInclude>
    <ClInclude Include="rdbtable.h">
      <Filter>Header Files</Filter>
    </ClInclude>
    <ClInclude Include="xmlStreamReader.h">
      <Filter>Header Files</Filter>
    </ClInclude>
  </ItemGroup>
</Project>