<?xml version="1.0" encoding="utf-8"?>
<Project ToolsVersion="4.0" xmlns="http://schemas.microsoft.com/developer/msbuild/2003">
  <ItemGroup>
    <Filter Include="Source Files">
      <UniqueIdentifier>{4FC737F1-C7A5-4376-A066-2A32D752A2FF}</UniqueIdentifier>
      <Extensions>cpp;cxx;c;def</Extensions>
    </Filter>
    <Filter Include="Header Files">
      <UniqueIdentifier>{93995380-89BD-4b04-88EB-625FBE52EBFB}</UniqueIdentifier>
      <Extensions>h</Extensions>
    </Filter>
    <Filter Include="Form Files">
      <UniqueIdentifier>{99349809-55BA-4b9d-BF79-8FDBB0286EB3}</UniqueIdentifier>
      <Extensions>ui</Extensions>
    </Filter>
    <Filter Include="Resource Files">
      <UniqueIdentifier>{D9D6E242-F8AF-46E4-B9FD-80ECBC20BA3E}</UniqueIdentifier>
      <Extensions>qrc;*</Extensions>
      <ParseFiles>false</ParseFiles>
    </Filter>
    <Filter Include="Generated Files">
      <UniqueIdentifier>{71ED8ED8-ACB9-4CE9-BBE1-E00B30144E11}</UniqueIdentifier>
      <Extensions>moc;h;cpp</Extensions>
      <SourceControlFiles>False</SourceControlFiles>
    </Filter>
    <Filter Include="Generated Files\Debug">
      <UniqueIdentifier>{de66c5f0-3347-4630-ab82-9b3bd76b6a2f}</UniqueIdentifier>
      <Extensions>cpp;moc</Extensions>
      <SourceControlFiles>False</SourceControlFiles>
    </Filter>
    <Filter Include="Generated Files\Release">
      <UniqueIdentifier>{3d31cae5-dda1-48ad-b986-47f6d3848cb9}</UniqueIdentifier>
      <Extensions>cpp;moc</Extensions>
      <SourceControlFiles>False</SourceControlFiles>
    </Filter>
    <Filter Include="basic">
      <UniqueIdentifier>{45e4649e-632b-44db-a0cc-47c38515b60c}</UniqueIdentifier>
    </Filter>
    <Filter Include="Slice">
      <UniqueIdentifier>{8c142e23-900e-4f3a-852d-ed88457a69eb}</UniqueIdentifier>
    </Filter>
  </ItemGroup>
  <ItemGroup>
    <ClCompile Include="main.cpp">
      <Filter>Source Files</Filter>
    </ClCompile>
    <ClCompile Include="fepframe.cpp">
      <Filter>Source Files</Filter>
    </ClCompile>
    <ClCompile Include="GeneratedFiles\Debug\moc_fepframe.cpp">
      <Filter>Generated Files\Debug</Filter>
    </ClCompile>
    <ClCompile Include="GeneratedFiles\Release\moc_fepframe.cpp">
      <Filter>Generated Files\Release</Filter>
    </ClCompile>
    <ClCompile Include="GeneratedFiles\qrc_fepframe.cpp">
      <Filter>Generated Files</Filter>
    </ClCompile>
    <ClCompile Include="fepserver.cpp">
      <Filter>Source Files</Filter>
    </ClCompile>
    <ClCompile Include="GeneratedFiles\Debug\moc_fepserver.cpp">
      <Filter>Generated Files\Debug</Filter>
    </ClCompile>
    <ClCompile Include="GeneratedFiles\Release\moc_fepserver.cpp">
      <Filter>Generated Files\Release</Filter>
    </ClCompile>
    <ClCompile Include="..\common\slice\cpp\fepdata.cpp">
      <Filter>Slice</Filter>
    </ClCompile>
    <ClCompile Include="..\common\basic\BaseIceStorm.cpp">
      <Filter>basic</Filter>
    </ClCompile>
    <ClCompile Include="fepserverthread.cpp">
      <Filter>Source Files</Filter>
    </ClCompile>
    <ClCompile Include="GeneratedFiles\Debug\moc_fepserverthread.cpp">
      <Filter>Generated Files\Debug</Filter>
    </ClCompile>
    <ClCompile Include="GeneratedFiles\Release\moc_fepserverthread.cpp">
      <Filter>Generated Files\Release</Filter>
    </ClCompile>
    <ClCompile Include="..\common\basic\TableHeader.cpp">
      <Filter>basic</Filter>
    </ClCompile>
    <ClCompile Include="..\common\basic\textelement.cpp">
      <Filter>basic</Filter>
    </ClCompile>
    <ClCompile Include="processDataDlg.cpp">
      <Filter>Source Files</Filter>
    </ClCompile>
    <ClCompile Include="GeneratedFiles\Debug\moc_processDataDlg.cpp">
      <Filter>Generated Files\Debug</Filter>
    </ClCompile>
    <ClCompile Include="GeneratedFiles\Release\moc_processDataDlg.cpp">
      <Filter>Generated Files\Release</Filter>
    </ClCompile>
  </ItemGroup>
  <ItemGroup>
    <CustomBuild Include="fepframe.h">
      <Filter>Header Files</Filter>
    </CustomBuild>
    <CustomBuild Include="fepframe.qrc">
      <Filter>Resource Files</Filter>
    </CustomBuild>
    <CustomBuild Include="fepserver.h">
      <Filter>Header Files</Filter>
    </CustomBuild>
    <CustomBuild Include="fepserverthread.h">
      <Filter>Header Files</Filter>
    </CustomBuild>
    <CustomBuild Include="processDataDlg.h">
      <Filter>Header Files</Filter>
    </CustomBuild>
  </ItemGroup>
  <ItemGroup>
    <ClInclude Include="..\common\slice\cpp\fepdata.h">
      <Filter>Slice</Filter>
    </ClInclude>
    <ClInclude Include="..\common\basic\BaseIceStorm.h">
      <Filter>basic</Filter>
    </ClInclude>
    <ClInclude Include="..\common\basic\AmlConst.h">
      <Filter>basic</Filter>
    </ClInclude>
    <ClInclude Include="..\common\basic\OperationInfo.h">
      <Filter>basic</Filter>
    </ClInclude>
    <ClInclude Include="..\common\basic\TableHeader.h">
      <Filter>basic</Filter>
    </ClInclude>
    <ClInclude Include="..\common\basic\textelement.h">
      <Filter>basic</Filter>
    </ClInclude>
  </ItemGroup>
</Project>