
Microsoft Visual Studio Solution File, Format Version 11.00
# Visual Studio 2010
Project("{8BC9CEB8-8B4A-11D0-8D11-00A0C91BC942}") = "Simulated-TransferFileServer", "Simulated-TransferFileServer.vcxproj", "{27F62077-A5AD-4664-BA51-7D17D8D828C9}"
EndProject
Global
	GlobalSection(SolutionConfigurationPlatforms) = preSolution
		Debug|Win32 = Debug|Win32
		Release|Win32 = Release|Win32
	EndGlobalSection
	GlobalSection(ProjectConfigurationPlatforms) = postSolution
		{27F62077-A5AD-4664-BA51-7D17D8D828C9}.Debug|Win32.ActiveCfg = Debug|Win32
		{27F62077-A5AD-4664-BA51-7D17D8D828C9}.Debug|Win32.Build.0 = Debug|Win32
		{27F62077-A5AD-4664-BA51-7D17D8D828C9}.Release|Win32.ActiveCfg = Release|Win32
		{27F62077-A5AD-4664-BA51-7D17D8D828C9}.Release|Win32.Build.0 = Release|Win32
	EndGlobalSection
	GlobalSection(SolutionProperties) = preSolution
		HideSolutionNode = FALSE
	EndGlobalSection
EndGlobal
