<?xml version="1.0" encoding="utf-8"?>
<Project ToolsVersion="4.0" xmlns="http://schemas.microsoft.com/developer/msbuild/2003">
  <ItemGroup>
    <Filter Include="Source Files">
      <UniqueIdentifier>{4FC737F1-C7A5-4376-A066-2A32D752A2FF}</UniqueIdentifier>
      <Extensions>cpp;cxx;c;def</Extensions>
    </Filter>
    <Filter Include="Header Files">
      <UniqueIdentifier>{93995380-89BD-4b04-88EB-625FBE52EBFB}</UniqueIdentifier>
      <Extensions>h</Extensions>
    </Filter>
    <Filter Include="Form Files">
      <UniqueIdentifier>{99349809-55BA-4b9d-BF79-8FDBB0286EB3}</UniqueIdentifier>
      <Extensions>ui</Extensions>
    </Filter>
    <Filter Include="Resource Files">
      <UniqueIdentifier>{D9D6E242-F8AF-46E4-B9FD-80ECBC20BA3E}</UniqueIdentifier>
      <Extensions>qrc;*</Extensions>
      <ParseFiles>false</ParseFiles>
    </Filter>
    <Filter Include="Generated Files">
      <UniqueIdentifier>{71ED8ED8-ACB9-4CE9-BBE1-E00B30144E11}</UniqueIdentifier>
      <Extensions>moc;h;cpp</Extensions>
      <SourceControlFiles>False</SourceControlFiles>
    </Filter>
    <Filter Include="Generated Files\Debug">
      <UniqueIdentifier>{625250d5-24eb-4eca-87cb-fd9fe0fe1a4f}</UniqueIdentifier>
      <Extensions>cpp;moc</Extensions>
      <SourceControlFiles>False</SourceControlFiles>
    </Filter>
    <Filter Include="Generated Files\Release">
      <UniqueIdentifier>{8ca9d182-23fd-4e92-b41d-9ab050508deb}</UniqueIdentifier>
      <Extensions>cpp;moc</Extensions>
      <SourceControlFiles>False</SourceControlFiles>
    </Filter>
    <Filter Include="Slice">
      <UniqueIdentifier>{be6ee51e-6291-4728-9176-2d0c6a10e12a}</UniqueIdentifier>
    </Filter>
    <Filter Include="basic">
      <UniqueIdentifier>{ef026301-ec11-4aed-ab58-267caaf2fc13}</UniqueIdentifier>
    </Filter>
  </ItemGroup>
  <ItemGroup>
    <ClCompile Include="main.cpp">
      <Filter>Source Files</Filter>
    </ClCompile>
    <ClCompile Include="workstationframe.cpp">
      <Filter>Source Files</Filter>
    </ClCompile>
    <ClCompile Include="GeneratedFiles\Debug\moc_workstationframe.cpp">
      <Filter>Generated Files\Debug</Filter>
    </ClCompile>
    <ClCompile Include="GeneratedFiles\Release\moc_workstationframe.cpp">
      <Filter>Generated Files\Release</Filter>
    </ClCompile>
    <ClCompile Include="GeneratedFiles\qrc_workstationframe.cpp">
      <Filter>Generated Files</Filter>
    </ClCompile>
    <ClCompile Include="..\common\slice\cpp\rdbdata.cpp">
      <Filter>Slice</Filter>
    </ClCompile>
    <ClCompile Include="..\common\basic\TableHeader.cpp">
      <Filter>basic</Filter>
    </ClCompile>
    <ClCompile Include="workstationserver.cpp">
      <Filter>Source Files</Filter>
    </ClCompile>
    <ClCompile Include="GeneratedFiles\Debug\moc_workstationserver.cpp">
      <Filter>Generated Files\Debug</Filter>
    </ClCompile>
    <ClCompile Include="GeneratedFiles\Release\moc_workstationserver.cpp">
      <Filter>Generated Files\Release</Filter>
    </ClCompile>
    <ClCompile Include="..\common\basic\BaseIceStorm.cpp">
      <Filter>basic</Filter>
    </ClCompile>
    <ClCompile Include="workstationserverthread.cpp">
      <Filter>Source Files</Filter>
    </ClCompile>
    <ClCompile Include="GeneratedFiles\Debug\moc_workstationserverthread.cpp">
      <Filter>Generated Files\Debug</Filter>
    </ClCompile>
    <ClCompile Include="GeneratedFiles\Release\moc_workstationserverthread.cpp">
      <Filter>Generated Files\Release</Filter>
    </ClCompile>
  </ItemGroup>
  <ItemGroup>
    <CustomBuild Include="workstationframe.h">
      <Filter>Header Files</Filter>
    </CustomBuild>
    <CustomBuild Include="workstationframe.qrc">
      <Filter>Resource Files</Filter>
    </CustomBuild>
    <CustomBuild Include="workstationserverthread.h">
      <Filter>Header Files</Filter>
    </CustomBuild>
    <CustomBuild Include="workstationserver.h">
      <Filter>Header Files</Filter>
    </CustomBuild>
  </ItemGroup>
  <ItemGroup>
    <ClInclude Include="..\common\basic\OperationInfo.h">
      <Filter>basic</Filter>
    </ClInclude>
    <ClInclude Include="..\common\slice\cpp\rdbdata.h">
      <Filter>Slice</Filter>
    </ClInclude>
    <ClInclude Include="..\common\basic\TableHeader.h">
      <Filter>basic</Filter>
    </ClInclude>
    <ClInclude Include="..\common\basic\AmlConst.h">
      <Filter>basic</Filter>
    </ClInclude>
    <ClInclude Include="..\common\basic\BaseIceStorm.h">
      <Filter>basic</Filter>
    </ClInclude>
  </ItemGroup>
</Project>